
Microsoft Visual Studio Solution File, Format Version 12.00
# Visual Studio Version 16
VisualStudioVersion = 16.0.29709.97
MinimumVisualStudioVersion = 10.0.40219.1
Project("{FAE04EC0-301F-11D3-BF4B-00C04F79EFBC}") = "VideoRecord", "VideoRecord\VideoRecord.csproj", "{FD577817-5416-4903-8C80-975178478DB5}"
EndProject
Global
	GlobalSection(SolutionConfigurationPlatforms) = preSolution
		Debug|Any CPU = Debug|Any CPU
		Release|Any CPU = Release|Any CPU
	EndGlobalSection
	GlobalSection(ProjectConfigurationPlatforms) = postSolution
		{FD577817-5416-4903-8C80-975178478DB5}.Debug|Any CPU.ActiveCfg = Debug|Any CPU
		{FD577817-5416-4903-8C80-975178478DB5}.Debug|Any CPU.Build.0 = Debug|Any CPU
		{FD577817-5416-4903-8C80-975178478DB5}.Release|Any CPU.ActiveCfg = Release|Any CPU
		{FD577817-5416-4903-8C80-975178478DB5}.Release|Any CPU.Build.0 = Release|Any CPU
	EndGlobalSection
	GlobalSection(SolutionProperties) = preSolution
		HideSolutionNode = FALSE
	EndGlobalSection
	GlobalSection(ExtensibilityGlobals) = postSolution
		SolutionGuid = {BDE179F4-11FD-4E21-9F67-20B1DAE12800}
	EndGlobalSection
EndGlobal
